
Microsoft Visual Studio Solution File, Format Version 12.00
# Visual Studio 14
VisualStudioVersion = 14.0.24720.0
MinimumVisualStudioVersion = 10.0.40219.1
Project("{FAE04EC0-301F-11D3-BF4B-00C04F79EFBC}") = "EssentialDotNetConfiguration", "EssentialDotNetConfiguration.csproj", "{2F98D984-F8E5-4936-AF91-E76A476C8ADE}"
EndProject
Global
	GlobalSection(SolutionConfigurationPlatforms) = preSolution
		Debug|Any CPU = Debug|Any CPU
		Release|Any CPU = Release|Any CPU
	EndGlobalSection
	GlobalSection(ProjectConfigurationPlatforms) = postSolution
		{2F98D984-F8E5-4936-AF91-E76A476C8ADE}.Debug|Any CPU.ActiveCfg = Debug|Any CPU
		{2F98D984-F8E5-4936-AF91-E76A476C8ADE}.Debug|Any CPU.Build.0 = Debug|Any CPU
		{2F98D984-F8E5-4936-AF91-E76A476C8ADE}.Release|Any CPU.ActiveCfg = Release|Any CPU
		{2F98D984-F8E5-4936-AF91-E76A476C8ADE}.Release|Any CPU.Build.0 = Release|Any CPU
	EndGlobalSection
	GlobalSection(SolutionProperties) = preSolution
		HideSolutionNode = FALSE
	EndGlobalSection
EndGlobal
